
Microsoft Visual Studio Solution File, Format Version 12.00
# Visual Studio Version 17
VisualStudioVersion = 17.10.34916.146
MinimumVisualStudioVersion = 10.0.40219.1
Project("{8BC9CEB8-8B4A-11D0-8D11-00A0C91BC942}") = "DeLaGaze", "DeLaGaze\DeLaGaze.vcxproj", "{7B895D64-C0B9-4C0E-83DB-0D64E20BE508}"
EndProject
Project("{8BC9CEB8-8B4A-11D0-8D11-00A0C91BC942}") = "DeLaGaze Client", "DeLaGaze Client\DeLaGaze Client.vcxproj", "{0472AF45-FD97-4AB5-8D02-92E197CD5700}"
EndProject
Global
	GlobalSection(SolutionConfigurationPlatforms) = preSolution
		Debug|x64 = Debug|x64
		Debug|x86 = Debug|x86
		Release|x64 = Release|x64
		Release|x86 = Release|x86
	EndGlobalSection
	GlobalSection(ProjectConfigurationPlatforms) = postSolution
		{7B895D64-C0B9-4C0E-83DB-0D64E20BE508}.Debug|x64.ActiveCfg = Debug|x64
		{7B895D64-C0B9-4C0E-83DB-0D64E20BE508}.Debug|x64.Build.0 = Debug|x64
		{7B895D64-C0B9-4C0E-83DB-0D64E20BE508}.Debug|x86.ActiveCfg = Debug|Win32
		{7B895D64-C0B9-4C0E-83DB-0D64E20BE508}.Debug|x86.Build.0 = Debug|Win32
		{7B895D64-C0B9-4C0E-83DB-0D64E20BE508}.Release|x64.ActiveCfg = Release|x64
		{7B895D64-C0B9-4C0E-83DB-0D64E20BE508}.Release|x64.Build.0 = Release|x64
		{7B895D64-C0B9-4C0E-83DB-0D64E20BE508}.Release|x86.ActiveCfg = Release|Win32
		{7B895D64-C0B9-4C0E-83DB-0D64E20BE508}.Release|x86.Build.0 = Release|Win32
		{0472AF45-FD97-4AB5-8D02-92E197CD5700}.Debug|x64.ActiveCfg = Debug|x64
		{0472AF45-FD97-4AB5-8D02-92E197CD5700}.Debug|x64.Build.0 = Debug|x64
		{0472AF45-FD97-4AB5-8D02-92E197CD5700}.Debug|x86.ActiveCfg = Debug|x64
		{0472AF45-FD97-4AB5-8D02-92E197CD5700}.Debug|x86.Build.0 = Debug|x64
		{0472AF45-FD97-4AB5-8D02-92E197CD5700}.Release|x64.ActiveCfg = Release|x64
		{0472AF45-FD97-4AB5-8D02-92E197CD5700}.Release|x64.Build.0 = Release|x64
		{0472AF45-FD97-4AB5-8D02-92E197CD5700}.Release|x86.ActiveCfg = Release|x64
		{0472AF45-FD97-4AB5-8D02-92E197CD5700}.Release|x86.Build.0 = Release|x64
	EndGlobalSection
	GlobalSection(SolutionProperties) = preSolution
		HideSolutionNode = FALSE
	EndGlobalSection
	GlobalSection(ExtensibilityGlobals) = postSolution
		SolutionGuid = {89185660-ECC8-450D-BA5F-C2D56F934187}
	EndGlobalSection
EndGlobal
